
Microsoft Visual Studio Solution File, Format Version 12.00
# Visual Studio Version 17
VisualStudioVersion = 17.14.36429.23 d17.14
MinimumVisualStudioVersion = 10.0.40219.1
Project("{FAE04EC0-301F-11D3-BF4B-00C04F79EFBC}") = "ED2.3EJ2", "ED2.3EJ2\ED2.3EJ2.csproj", "{88535C6A-82A9-45C7-A281-804009BE13C2}"
EndProject
Global
	GlobalSection(SolutionConfigurationPlatforms) = preSolution
		Debug|Any CPU = Debug|Any CPU
		Release|Any CPU = Release|Any CPU
	EndGlobalSection
	GlobalSection(ProjectConfigurationPlatforms) = postSolution
		{88535C6A-82A9-45C7-A281-804009BE13C2}.Debug|Any CPU.ActiveCfg = Debug|Any CPU
		{88535C6A-82A9-45C7-A281-804009BE13C2}.Debug|Any CPU.Build.0 = Debug|Any CPU
		{88535C6A-82A9-45C7-A281-804009BE13C2}.Release|Any CPU.ActiveCfg = Release|Any CPU
		{88535C6A-82A9-45C7-A281-804009BE13C2}.Release|Any CPU.Build.0 = Release|Any CPU
	EndGlobalSection
	GlobalSection(SolutionProperties) = preSolution
		HideSolutionNode = FALSE
	EndGlobalSection
	GlobalSection(ExtensibilityGlobals) = postSolution
		SolutionGuid = {A36993DD-1A27-4212-B3BF-0219E4B73214}
	EndGlobalSection
EndGlobal
